// !$*UTF8*$!
{
	archiveVersion = 1;
	classes = {
	};
	objectVersion = 46;
	objects = {

/* Begin PBXBuildFile section */
		07B65767190F3CA2002DAADE /* Foundation.framework in Frameworks */ = {isa = PBXBuildFile; fileRef = 07B65766190F3CA2002DAADE /* Foundation.framework */; };
		07B65775190F3CA2002DAADE /* XCTest.framework in Frameworks */ = {isa = PBXBuildFile; fileRef = 07B65774190F3CA2002DAADE /* XCTest.framework */; };
		07B65776190F3CA2002DAADE /* Foundation.framework in Frameworks */ = {isa = PBXBuildFile; fileRef = 07B65766190F3CA2002DAADE /* Foundation.framework */; };
		07B65778190F3CA2002DAADE /* UIKit.framework in Frameworks */ = {isa = PBXBuildFile; fileRef = 07B65777190F3CA2002DAADE /* UIKit.framework */; };
		07B6577B190F3CA2002DAADE /* libios_aqua.a in Frameworks */ = {isa = PBXBuildFile; fileRef = 07B65764190F3CA2002DAADE /* libios_aqua.a */; };
		07B65781190F3CA2002DAADE /* InfoPlist.strings in Resources */ = {isa = PBXBuildFile; fileRef = 07B6577F190F3CA2002DAADE /* InfoPlist.strings */; };
		07B65783190F3CA2002DAADE /* math_iosTests.m in Sources */ = {isa = PBXBuildFile; fileRef = 07B65782190F3CA2002DAADE /* math_iosTests.m */; };
		9A0FB9DC223AF50500B08564 /* draw2d_nanosvg.cpp in Sources */ = {isa = PBXBuildFile; fileRef = 9A0FB9DA223AF50500B08564 /* draw2d_nanosvg.cpp */; };
		9A0FB9DD223AF50500B08564 /* prime100k.cpp in Sources */ = {isa = PBXBuildFile; fileRef = 9A0FB9DB223AF50500B08564 /* prime100k.cpp */; };
		9A0FB9E0223B044D00B08564 /* libace.dylib in Frameworks */ = {isa = PBXBuildFile; fileRef = 9A0FB9C7223AF48B00B08564 /* libace.dylib */; };
		9A57509E16AAB9A1000CC4EF /* framework.cpp in Sources */ = {isa = PBXBuildFile; fileRef = 9A574D2B16AAB99E000CC4EF /* framework.cpp */; };
		9A57509F16AAB9A1000CC4EF /* framework.h in Headers */ = {isa = PBXBuildFile; fileRef = 9A574D2C16AAB99E000CC4EF /* framework.h */; };
		9A9D8030223EF1DC0071B787 /* aqua.h in Headers */ = {isa = PBXBuildFile; fileRef = 9A9D802D223EF1DC0071B787 /* aqua.h */; };
/* End PBXBuildFile section */

/* Begin PBXContainerItemProxy section */
		07B65779190F3CA2002DAADE /* PBXContainerItemProxy */ = {
			isa = PBXContainerItemProxy;
			containerPortal = 9A574B8F16AAB906000CC4EF /* Project object */;
			proxyType = 1;
			remoteGlobalIDString = 07B65763190F3CA2002DAADE;
			remoteInfo = math_ios;
		};
		9A0FB9C6223AF48B00B08564 /* PBXContainerItemProxy */ = {
			isa = PBXContainerItemProxy;
			containerPortal = 9A0FB9C0223AF48B00B08564 /* ace.xcodeproj */;
			proxyType = 2;
			remoteGlobalIDString = 9A574B9816AAB906000CC4EF;
			remoteInfo = ace;
		};
		9A0FB9C8223AF48B00B08564 /* PBXContainerItemProxy */ = {
			isa = PBXContainerItemProxy;
			containerPortal = 9A0FB9C0223AF48B00B08564 /* ace.xcodeproj */;
			proxyType = 2;
			remoteGlobalIDString = 07B65764190F3CA2002DAADE;
			remoteInfo = ios_ace;
		};
		9A0FB9CA223AF48B00B08564 /* PBXContainerItemProxy */ = {
			isa = PBXContainerItemProxy;
			containerPortal = 9A0FB9C0223AF48B00B08564 /* ace.xcodeproj */;
			proxyType = 2;
			remoteGlobalIDString = 07B65773190F3CA2002DAADE;
			remoteInfo = ace_iosTests;
		};
		9A0FB9DE223B042C00B08564 /* PBXContainerItemProxy */ = {
			isa = PBXContainerItemProxy;
			containerPortal = 9A0FB9C0223AF48B00B08564 /* ace.xcodeproj */;
			proxyType = 1;
			remoteGlobalIDString = 9A574B9716AAB906000CC4EF;
			remoteInfo = ace;
		};
/* End PBXContainerItemProxy section */

/* Begin PBXCopyFilesBuildPhase section */
		07B65762190F3CA2002DAADE /* CopyFiles */ = {
			isa = PBXCopyFilesBuildPhase;
			buildActionMask = 2147483647;
			dstPath = "include/$(PRODUCT_NAME)";
			dstSubfolderSpec = 16;
			files = (
			);
			runOnlyForDeploymentPostprocessing = 0;
		};
/* End PBXCopyFilesBuildPhase section */

/* Begin PBXFileReference section */
		07B59074188664C3002C6FEC /* libcore.dylib */ = {isa = PBXFileReference; lastKnownFileType = "compiled.mach-o.dylib"; name = libcore.dylib; path = ../../../../Users/user/.Trash/build/Debug/libcore.dylib; sourceTree = "<group>"; };
		07B65764190F3CA2002DAADE /* libios_aqua.a */ = {isa = PBXFileReference; explicitFileType = archive.ar; includeInIndex = 0; path = libios_aqua.a; sourceTree = BUILT_PRODUCTS_DIR; };
		07B65766190F3CA2002DAADE /* Foundation.framework */ = {isa = PBXFileReference; lastKnownFileType = wrapper.framework; name = Foundation.framework; path = System/Library/Frameworks/Foundation.framework; sourceTree = SDKROOT; };
		07B65773190F3CA2002DAADE /* math_iosTests.xctest */ = {isa = PBXFileReference; explicitFileType = wrapper.cfbundle; includeInIndex = 0; path = math_iosTests.xctest; sourceTree = BUILT_PRODUCTS_DIR; };
		07B65774190F3CA2002DAADE /* XCTest.framework */ = {isa = PBXFileReference; lastKnownFileType = wrapper.framework; name = XCTest.framework; path = Library/Frameworks/XCTest.framework; sourceTree = DEVELOPER_DIR; };
		07B65777190F3CA2002DAADE /* UIKit.framework */ = {isa = PBXFileReference; lastKnownFileType = wrapper.framework; name = UIKit.framework; path = Library/Frameworks/UIKit.framework; sourceTree = DEVELOPER_DIR; };
		07B6577E190F3CA2002DAADE /* math_iosTests-Info.plist */ = {isa = PBXFileReference; lastKnownFileType = text.plist.xml; path = "math_iosTests-Info.plist"; sourceTree = "<group>"; };
		07B65780190F3CA2002DAADE /* en */ = {isa = PBXFileReference; lastKnownFileType = text.plist.strings; name = en; path = en.lproj/InfoPlist.strings; sourceTree = "<group>"; };
		07B65782190F3CA2002DAADE /* math_iosTests.m */ = {isa = PBXFileReference; lastKnownFileType = sourcecode.c.objc; path = math_iosTests.m; sourceTree = "<group>"; };
		9A0FB9C0223AF48B00B08564 /* ace.xcodeproj */ = {isa = PBXFileReference; lastKnownFileType = "wrapper.pb-project"; name = ace.xcodeproj; path = ../../app/ace/ace.xcodeproj; sourceTree = "<group>"; };
		9A0FB9DA223AF50500B08564 /* draw2d_nanosvg.cpp */ = {isa = PBXFileReference; fileEncoding = 4; lastKnownFileType = sourcecode.cpp.cpp; path = draw2d_nanosvg.cpp; sourceTree = "<group>"; };
		9A0FB9DB223AF50500B08564 /* prime100k.cpp */ = {isa = PBXFileReference; fileEncoding = 4; lastKnownFileType = sourcecode.cpp.cpp; path = prime100k.cpp; sourceTree = "<group>"; };
		9A574B9816AAB906000CC4EF /* aqua.dylib */ = {isa = PBXFileReference; explicitFileType = "compiled.mach-o.dylib"; includeInIndex = 0; path = aqua.dylib; sourceTree = BUILT_PRODUCTS_DIR; };
		9A574D2B16AAB99E000CC4EF /* framework.cpp */ = {isa = PBXFileReference; fileEncoding = 4; lastKnownFileType = sourcecode.cpp.cpp; path = framework.cpp; sourceTree = "<group>"; };
		9A574D2C16AAB99E000CC4EF /* framework.h */ = {isa = PBXFileReference; fileEncoding = 4; lastKnownFileType = sourcecode.c.h; path = framework.h; sourceTree = "<group>"; };
		9A8CCAE317EA060200F87A02 /* libbase.dylib */ = {isa = PBXFileReference; lastKnownFileType = "compiled.mach-o.dylib"; name = libbase.dylib; path = "../../../../Users/camilo/Library/Developer/Xcode/DerivedData/all-dlckdugtwkhfjkdbgurajmehstei/Build/Products/Debug/libbase.dylib"; sourceTree = "<group>"; };
		9A9D802D223EF1DC0071B787 /* aqua.h */ = {isa = PBXFileReference; fileEncoding = 4; lastKnownFileType = sourcecode.c.h; path = aqua.h; sourceTree = "<group>"; };
/* End PBXFileReference section */

/* Begin PBXFrameworksBuildPhase section */
		07B65761190F3CA2002DAADE /* Frameworks */ = {
			isa = PBXFrameworksBuildPhase;
			buildActionMask = 2147483647;
			files = (
				07B65767190F3CA2002DAADE /* Foundation.framework in Frameworks */,
			);
			runOnlyForDeploymentPostprocessing = 0;
		};
		07B65770190F3CA2002DAADE /* Frameworks */ = {
			isa = PBXFrameworksBuildPhase;
			buildActionMask = 2147483647;
			files = (
				07B65775190F3CA2002DAADE /* XCTest.framework in Frameworks */,
				07B65778190F3CA2002DAADE /* UIKit.framework in Frameworks */,
				07B6577B190F3CA2002DAADE /* libios_aqua.a in Frameworks */,
				07B65776190F3CA2002DAADE /* Foundation.framework in Frameworks */,
			);
			runOnlyForDeploymentPostprocessing = 0;
		};
		9A574B9516AAB906000CC4EF /* Frameworks */ = {
			isa = PBXFrameworksBuildPhase;
			buildActionMask = 2147483647;
			files = (
				9A0FB9E0223B044D00B08564 /* libace.dylib in Frameworks */,
			);
			runOnlyForDeploymentPostprocessing = 0;
		};
/* End PBXFrameworksBuildPhase section */

/* Begin PBXGroup section */
		07B65765190F3CA2002DAADE /* Frameworks */ = {
			isa = PBXGroup;
			children = (
				07B65766190F3CA2002DAADE /* Foundation.framework */,
				07B65774190F3CA2002DAADE /* XCTest.framework */,
				07B65777190F3CA2002DAADE /* UIKit.framework */,
			);
			name = Frameworks;
			sourceTree = "<group>";
		};
		07B6577C190F3CA2002DAADE /* math_iosTests */ = {
			isa = PBXGroup;
			children = (
				07B65782190F3CA2002DAADE /* math_iosTests.m */,
				07B6577D190F3CA2002DAADE /* Supporting Files */,
			);
			path = math_iosTests;
			sourceTree = "<group>";
		};
		07B6577D190F3CA2002DAADE /* Supporting Files */ = {
			isa = PBXGroup;
			children = (
				07B6577E190F3CA2002DAADE /* math_iosTests-Info.plist */,
				07B6577F190F3CA2002DAADE /* InfoPlist.strings */,
			);
			name = "Supporting Files";
			sourceTree = "<group>";
		};
		9A0FB9C1223AF48B00B08564 /* Products */ = {
			isa = PBXGroup;
			children = (
				9A0FB9C7223AF48B00B08564 /* libace.dylib */,
				9A0FB9C9223AF48B00B08564 /* libios_ace.a */,
				9A0FB9CB223AF48B00B08564 /* ace_iosTests.xctest */,
			);
			name = Products;
			sourceTree = "<group>";
		};
		9A574B8D16AAB906000CC4EF = {
			isa = PBXGroup;
			children = (
				9A0FB9C0223AF48B00B08564 /* ace.xcodeproj */,
				9ACABEAC17BD04FF004C3F85 /* aqua */,
				07B6577C190F3CA2002DAADE /* math_iosTests */,
				07B65765190F3CA2002DAADE /* Frameworks */,
				9A574B9916AAB906000CC4EF /* Products */,
				9A8CCAE317EA060200F87A02 /* libbase.dylib */,
				07B59074188664C3002C6FEC /* libcore.dylib */,
			);
			sourceTree = "<group>";
		};
		9A574B9916AAB906000CC4EF /* Products */ = {
			isa = PBXGroup;
			children = (
				9A574B9816AAB906000CC4EF /* aqua.dylib */,
				07B65764190F3CA2002DAADE /* libios_aqua.a */,
				07B65773190F3CA2002DAADE /* math_iosTests.xctest */,
			);
			name = Products;
			sourceTree = "<group>";
		};
		9ACABEAC17BD04FF004C3F85 /* aqua */ = {
			isa = PBXGroup;
			children = (
				9A9D802D223EF1DC0071B787 /* aqua.h */,
				9A0FB9DA223AF50500B08564 /* draw2d_nanosvg.cpp */,
				9A0FB9DB223AF50500B08564 /* prime100k.cpp */,
				9A574D2B16AAB99E000CC4EF /* framework.cpp */,
				9A574D2C16AAB99E000CC4EF /* framework.h */,
			);
			name = aqua;
			sourceTree = "<group>";
		};
/* End PBXGroup section */

/* Begin PBXHeadersBuildPhase section */
		9A574B9616AAB906000CC4EF /* Headers */ = {
			isa = PBXHeadersBuildPhase;
			buildActionMask = 2147483647;
			files = (
				9A9D8030223EF1DC0071B787 /* aqua.h in Headers */,
				9A57509F16AAB9A1000CC4EF /* framework.h in Headers */,
			);
			runOnlyForDeploymentPostprocessing = 0;
		};
/* End PBXHeadersBuildPhase section */

/* Begin PBXNativeTarget section */
		07B65763190F3CA2002DAADE /* ios_aqua */ = {
			isa = PBXNativeTarget;
			buildConfigurationList = 07B65788190F3CA2002DAADE /* Build configuration list for PBXNativeTarget "ios_aqua" */;
			buildPhases = (
				07B65760190F3CA2002DAADE /* Sources */,
				07B65761190F3CA2002DAADE /* Frameworks */,
				07B65762190F3CA2002DAADE /* CopyFiles */,
			);
			buildRules = (
			);
			dependencies = (
			);
			name = ios_aqua;
			productName = math_ios;
			productReference = 07B65764190F3CA2002DAADE /* libios_aqua.a */;
			productType = "com.apple.product-type.library.static";
		};
		07B65772190F3CA2002DAADE /* math_iosTests */ = {
			isa = PBXNativeTarget;
			buildConfigurationList = 07B65789190F3CA2002DAADE /* Build configuration list for PBXNativeTarget "math_iosTests" */;
			buildPhases = (
				07B6576F190F3CA2002DAADE /* Sources */,
				07B65770190F3CA2002DAADE /* Frameworks */,
				07B65771190F3CA2002DAADE /* Resources */,
			);
			buildRules = (
			);
			dependencies = (
				07B6577A190F3CA2002DAADE /* PBXTargetDependency */,
			);
			name = math_iosTests;
			productName = math_iosTests;
			productReference = 07B65773190F3CA2002DAADE /* math_iosTests.xctest */;
			productType = "com.apple.product-type.bundle.unit-test";
		};
		9A574B9716AAB906000CC4EF /* aqua */ = {
			isa = PBXNativeTarget;
			buildConfigurationList = 9A574B9C16AAB906000CC4EF /* Build configuration list for PBXNativeTarget "aqua" */;
			buildPhases = (
				9A574B9416AAB906000CC4EF /* Sources */,
				9A574B9516AAB906000CC4EF /* Frameworks */,
				9A574B9616AAB906000CC4EF /* Headers */,
			);
			buildRules = (
			);
			dependencies = (
				9A0FB9DF223B042C00B08564 /* PBXTargetDependency */,
			);
			name = aqua;
			productName = ca2;
			productReference = 9A574B9816AAB906000CC4EF /* aqua.dylib */;
			productType = "com.apple.product-type.library.dynamic";
		};
/* End PBXNativeTarget section */

/* Begin PBXProject section */
		9A574B8F16AAB906000CC4EF /* Project object */ = {
			isa = PBXProject;
			attributes = {
				LastUpgradeCheck = 1120;
				ORGANIZATIONNAME = "Camilo Sasuke Tsumanuma";
				TargetAttributes = {
					07B65772190F3CA2002DAADE = {
						TestTargetID = 9A574B9716AAB906000CC4EF;
					};
				};
			};
			buildConfigurationList = 9A574B9216AAB906000CC4EF /* Build configuration list for PBXProject "aqua" */;
			compatibilityVersion = "Xcode 3.2";
			developmentRegion = en;
			hasScannedForEncodings = 0;
			knownRegions = (
				en,
				Base,
			);
			mainGroup = 9A574B8D16AAB906000CC4EF;
			productRefGroup = 9A574B9916AAB906000CC4EF /* Products */;
			projectDirPath = "";
			projectReferences = (
				{
					ProductGroup = 9A0FB9C1223AF48B00B08564 /* Products */;
					ProjectRef = 9A0FB9C0223AF48B00B08564 /* ace.xcodeproj */;
				},
			);
			projectRoot = "";
			targets = (
				9A574B9716AAB906000CC4EF /* aqua */,
				07B65763190F3CA2002DAADE /* ios_aqua */,
				07B65772190F3CA2002DAADE /* math_iosTests */,
			);
		};
/* End PBXProject section */

/* Begin PBXReferenceProxy section */
		9A0FB9C7223AF48B00B08564 /* libace.dylib */ = {
			isa = PBXReferenceProxy;
			fileType = "compiled.mach-o.dylib";
			path = libace.dylib;
			remoteRef = 9A0FB9C6223AF48B00B08564 /* PBXContainerItemProxy */;
			sourceTree = BUILT_PRODUCTS_DIR;
		};
		9A0FB9C9223AF48B00B08564 /* libios_ace.a */ = {
			isa = PBXReferenceProxy;
			fileType = archive.ar;
			path = libios_ace.a;
			remoteRef = 9A0FB9C8223AF48B00B08564 /* PBXContainerItemProxy */;
			sourceTree = BUILT_PRODUCTS_DIR;
		};
		9A0FB9CB223AF48B00B08564 /* ace_iosTests.xctest */ = {
			isa = PBXReferenceProxy;
			fileType = wrapper.cfbundle;
			path = ace_iosTests.xctest;
			remoteRef = 9A0FB9CA223AF48B00B08564 /* PBXContainerItemProxy */;
			sourceTree = BUILT_PRODUCTS_DIR;
		};
/* End PBXReferenceProxy section */

/* Begin PBXResourcesBuildPhase section */
		07B65771190F3CA2002DAADE /* Resources */ = {
			isa = PBXResourcesBuildPhase;
			buildActionMask = 2147483647;
			files = (
				07B65781190F3CA2002DAADE /* InfoPlist.strings in Resources */,
			);
			runOnlyForDeploymentPostprocessing = 0;
		};
/* End PBXResourcesBuildPhase section */

/* Begin PBXSourcesBuildPhase section */
		07B65760190F3CA2002DAADE /* Sources */ = {
			isa = PBXSourcesBuildPhase;
			buildActionMask = 2147483647;
			files = (
			);
			runOnlyForDeploymentPostprocessing = 0;
		};
		07B6576F190F3CA2002DAADE /* Sources */ = {
			isa = PBXSourcesBuildPhase;
			buildActionMask = 2147483647;
			files = (
				07B65783190F3CA2002DAADE /* math_iosTests.m in Sources */,
			);
			runOnlyForDeploymentPostprocessing = 0;
		};
		9A574B9416AAB906000CC4EF /* Sources */ = {
			isa = PBXSourcesBuildPhase;
			buildActionMask = 2147483647;
			files = (
				9A0FB9DC223AF50500B08564 /* draw2d_nanosvg.cpp in Sources */,
				9A57509E16AAB9A1000CC4EF /* framework.cpp in Sources */,
				9A0FB9DD223AF50500B08564 /* prime100k.cpp in Sources */,
			);
			runOnlyForDeploymentPostprocessing = 0;
		};
/* End PBXSourcesBuildPhase section */

/* Begin PBXTargetDependency section */
		07B6577A190F3CA2002DAADE /* PBXTargetDependency */ = {
			isa = PBXTargetDependency;
			target = 07B65763190F3CA2002DAADE /* ios_aqua */;
			targetProxy = 07B65779190F3CA2002DAADE /* PBXContainerItemProxy */;
		};
		9A0FB9DF223B042C00B08564 /* PBXTargetDependency */ = {
			isa = PBXTargetDependency;
			name = ace;
			targetProxy = 9A0FB9DE223B042C00B08564 /* PBXContainerItemProxy */;
		};
/* End PBXTargetDependency section */

/* Begin PBXVariantGroup section */
		07B6577F190F3CA2002DAADE /* InfoPlist.strings */ = {
			isa = PBXVariantGroup;
			children = (
				07B65780190F3CA2002DAADE /* en */,
			);
			name = InfoPlist.strings;
			sourceTree = "<group>";
		};
/* End PBXVariantGroup section */

/* Begin XCBuildConfiguration section */
		07B65784190F3CA2002DAADE /* Debug */ = {
			isa = XCBuildConfiguration;
			buildSettings = {
				CLANG_CXX_LANGUAGE_STANDARD = "gnu++0x";
				CLANG_ENABLE_MODULES = YES;
				CLANG_ENABLE_OBJC_WEAK = YES;
				CLANG_WARN_BOOL_CONVERSION = YES;
				CLANG_WARN_CONSTANT_CONVERSION = YES;
				CLANG_WARN_DIRECT_OBJC_ISA_USAGE = YES_ERROR;
				CLANG_WARN_ENUM_CONVERSION = YES;
				CLANG_WARN_INT_CONVERSION = YES;
				CLANG_WARN_OBJC_ROOT_CLASS = YES_ERROR;
				DSTROOT = /tmp/math_ios.dst;
				GCC_C_LANGUAGE_STANDARD = gnu99;
				GCC_PRECOMPILE_PREFIX_HEADER = YES;
				GCC_PREFIX_HEADER = "math_ios/math_ios-Prefix.pch";
				GCC_PREPROCESSOR_DEFINITIONS = (
					"DEBUG=1",
					"$(inherited)",
				);
				GCC_WARN_ABOUT_RETURN_TYPE = YES_ERROR;
				GCC_WARN_UNDECLARED_SELECTOR = YES;
				GCC_WARN_UNINITIALIZED_AUTOS = YES_AGGRESSIVE;
				GCC_WARN_UNUSED_FUNCTION = YES;
				IPHONEOS_DEPLOYMENT_TARGET = 8.0;
				MACH_O_TYPE = mh_dylib;
				PRODUCT_NAME = "$(TARGET_NAME)";
				SDKROOT = iphoneos;
				SKIP_INSTALL = YES;
			};
			name = Debug;
		};
		07B65785190F3CA2002DAADE /* Release */ = {
			isa = XCBuildConfiguration;
			buildSettings = {
				CLANG_CXX_LANGUAGE_STANDARD = "gnu++0x";
				CLANG_ENABLE_MODULES = YES;
				CLANG_ENABLE_OBJC_WEAK = YES;
				CLANG_WARN_BOOL_CONVERSION = YES;
				CLANG_WARN_CONSTANT_CONVERSION = YES;
				CLANG_WARN_DIRECT_OBJC_ISA_USAGE = YES_ERROR;
				CLANG_WARN_ENUM_CONVERSION = YES;
				CLANG_WARN_INT_CONVERSION = YES;
				CLANG_WARN_OBJC_ROOT_CLASS = YES_ERROR;
				DSTROOT = /tmp/math_ios.dst;
				ENABLE_NS_ASSERTIONS = NO;
				GCC_C_LANGUAGE_STANDARD = gnu99;
				GCC_PRECOMPILE_PREFIX_HEADER = YES;
				GCC_PREFIX_HEADER = "math_ios/math_ios-Prefix.pch";
				GCC_WARN_ABOUT_RETURN_TYPE = YES_ERROR;
				GCC_WARN_UNDECLARED_SELECTOR = YES;
				GCC_WARN_UNINITIALIZED_AUTOS = YES_AGGRESSIVE;
				GCC_WARN_UNUSED_FUNCTION = YES;
				IPHONEOS_DEPLOYMENT_TARGET = 8.0;
				MACH_O_TYPE = mh_dylib;
				PRODUCT_NAME = "$(TARGET_NAME)";
				SDKROOT = iphoneos;
				SKIP_INSTALL = YES;
				VALIDATE_PRODUCT = YES;
			};
			name = Release;
		};
		07B65786190F3CA2002DAADE /* Debug */ = {
			isa = XCBuildConfiguration;
			buildSettings = {
				BUNDLE_LOADER = "$(BUILT_PRODUCTS_DIR)/libmath.dylib";
				CLANG_CXX_LANGUAGE_STANDARD = "gnu++0x";
				CLANG_ENABLE_MODULES = YES;
				CLANG_ENABLE_OBJC_WEAK = YES;
				CLANG_WARN_BOOL_CONVERSION = YES;
				CLANG_WARN_CONSTANT_CONVERSION = YES;
				CLANG_WARN_DIRECT_OBJC_ISA_USAGE = YES_ERROR;
				CLANG_WARN_ENUM_CONVERSION = YES;
				CLANG_WARN_INT_CONVERSION = YES;
				CLANG_WARN_OBJC_ROOT_CLASS = YES_ERROR;
				FRAMEWORK_SEARCH_PATHS = (
					"$(SDKROOT)/Developer/Library/Frameworks",
					"$(inherited)",
					"$(DEVELOPER_FRAMEWORKS_DIR)",
				);
				GCC_C_LANGUAGE_STANDARD = gnu99;
				GCC_PRECOMPILE_PREFIX_HEADER = YES;
				GCC_PREFIX_HEADER = "math_ios/math_ios-Prefix.pch";
				GCC_PREPROCESSOR_DEFINITIONS = (
					"DEBUG=1",
					"$(inherited)",
				);
				GCC_WARN_ABOUT_RETURN_TYPE = YES_ERROR;
				GCC_WARN_UNDECLARED_SELECTOR = YES;
				GCC_WARN_UNINITIALIZED_AUTOS = YES_AGGRESSIVE;
				GCC_WARN_UNUSED_FUNCTION = YES;
				INFOPLIST_FILE = "math_iosTests/math_iosTests-Info.plist";
				IPHONEOS_DEPLOYMENT_TARGET = 8.0;
				PRODUCT_NAME = "$(TARGET_NAME)";
				SDKROOT = iphoneos;
				TEST_HOST = "$(BUNDLE_LOADER)";
				WRAPPER_EXTENSION = xctest;
			};
			name = Debug;
		};
		07B65787190F3CA2002DAADE /* Release */ = {
			isa = XCBuildConfiguration;
			buildSettings = {
				BUNDLE_LOADER = "$(BUILT_PRODUCTS_DIR)/libmath.dylib";
				CLANG_CXX_LANGUAGE_STANDARD = "gnu++0x";
				CLANG_ENABLE_MODULES = YES;
				CLANG_ENABLE_OBJC_WEAK = YES;
				CLANG_WARN_BOOL_CONVERSION = YES;
				CLANG_WARN_CONSTANT_CONVERSION = YES;
				CLANG_WARN_DIRECT_OBJC_ISA_USAGE = YES_ERROR;
				CLANG_WARN_ENUM_CONVERSION = YES;
				CLANG_WARN_INT_CONVERSION = YES;
				CLANG_WARN_OBJC_ROOT_CLASS = YES_ERROR;
				ENABLE_NS_ASSERTIONS = NO;
				FRAMEWORK_SEARCH_PATHS = (
					"$(SDKROOT)/Developer/Library/Frameworks",
					"$(inherited)",
					"$(DEVELOPER_FRAMEWORKS_DIR)",
				);
				GCC_C_LANGUAGE_STANDARD = gnu99;
				GCC_PRECOMPILE_PREFIX_HEADER = YES;
				GCC_PREFIX_HEADER = "math_ios/math_ios-Prefix.pch";
				GCC_WARN_ABOUT_RETURN_TYPE = YES_ERROR;
				GCC_WARN_UNDECLARED_SELECTOR = YES;
				GCC_WARN_UNINITIALIZED_AUTOS = YES_AGGRESSIVE;
				GCC_WARN_UNUSED_FUNCTION = YES;
				INFOPLIST_FILE = "math_iosTests/math_iosTests-Info.plist";
				IPHONEOS_DEPLOYMENT_TARGET = 8.0;
				PRODUCT_NAME = "$(TARGET_NAME)";
				SDKROOT = iphoneos;
				TEST_HOST = "$(BUNDLE_LOADER)";
				VALIDATE_PRODUCT = YES;
				WRAPPER_EXTENSION = xctest;
			};
			name = Release;
		};
		9A574B9A16AAB906000CC4EF /* Debug */ = {
			isa = XCBuildConfiguration;
			buildSettings = {
				ALWAYS_SEARCH_USER_PATHS = NO;
				CLANG_CXX_LANGUAGE_STANDARD = "c++17";
				CLANG_CXX_LIBRARY = "libc++";
				CLANG_WARN_BLOCK_CAPTURE_AUTORELEASING = YES;
				CLANG_WARN_BOOL_CONVERSION = YES;
				CLANG_WARN_COMMA = YES;
				CLANG_WARN_CONSTANT_CONVERSION = YES;
				CLANG_WARN_DEPRECATED_OBJC_IMPLEMENTATIONS = YES;
				CLANG_WARN_EMPTY_BODY = YES;
				CLANG_WARN_ENUM_CONVERSION = YES;
				CLANG_WARN_INFINITE_RECURSION = YES;
				CLANG_WARN_INT_CONVERSION = YES;
				CLANG_WARN_NON_LITERAL_NULL_CONVERSION = YES;
				CLANG_WARN_OBJC_IMPLICIT_RETAIN_SELF = YES;
				CLANG_WARN_OBJC_LITERAL_CONVERSION = YES;
				CLANG_WARN_RANGE_LOOP_ANALYSIS = YES;
				CLANG_WARN_STRICT_PROTOTYPES = YES;
				CLANG_WARN_SUSPICIOUS_MOVE = YES;
				CLANG_WARN_UNREACHABLE_CODE = YES;
				CLANG_WARN__DUPLICATE_METHOD_MATCH = YES;
				CODE_SIGN_IDENTITY = "";
				COPY_PHASE_STRIP = NO;
				DEPLOYMENT_POSTPROCESSING = YES;
				ENABLE_HARDENED_RUNTIME = YES;
				ENABLE_STRICT_OBJC_MSGSEND = YES;
				ENABLE_TESTABILITY = YES;
				EXECUTABLE_PREFIX = lib;
				GCC_C_LANGUAGE_STANDARD = c11;
				GCC_NO_COMMON_BLOCKS = YES;
				GCC_WARN_64_TO_32_BIT_CONVERSION = YES;
				GCC_WARN_ABOUT_RETURN_TYPE = YES;
				GCC_WARN_UNDECLARED_SELECTOR = YES;
				GCC_WARN_UNINITIALIZED_AUTOS = YES;
				GCC_WARN_UNUSED_FUNCTION = YES;
				GCC_WARN_UNUSED_VARIABLE = YES;
				INSTALL_PATH = "@executable_path";
				IPHONEOS_DEPLOYMENT_TARGET = 8.0;
				MACOSX_DEPLOYMENT_TARGET = 10.8;
				ONLY_ACTIVE_ARCH = YES;
				PRODUCT_NAME = "$(TARGET_NAME)";
				SDKROOT = macosx;
				SKIP_INSTALL = YES;
				STRIP_INSTALLED_PRODUCT = NO;
				USER_HEADER_SEARCH_PATHS = "$(WorkspaceDir)/source $(WorkspaceDir)/source/include $(WorkspaceDir)/archive $(WorkspaceDir)/operating-system/operating-system-$(PLATFORM_MODIFIER)/operating-system-macos $(WorkspaceDir)/source/app $(WorkspaceDir)/archive $(WorkspaceDir)/operating-system/operating-system-$(PLATFORM_MODIFIER)/_include $(WorkspaceDir)/source/third/include $(WorkspaceDir)/archive $(WorkspaceDir)/operating-system/third-$(PLATFORM_MODIFIER)/third/include/include $(WorkspaceDir)/archive $(WorkspaceDir)/operating-system/third-$(PLATFORM_MODIFIER)/third/include $(WorkspaceDir)/source/app $(WorkspaceDir)/archive $(WorkspaceDir)/operating-system/operating-system-$(PLATFORM_MODIFIER) . $(PROJECT_DIR)";
				WorkspaceDir = "$(SRCROOT)/../../..";
			};
			name = Debug;
		};
		9A574B9B16AAB906000CC4EF /* Release */ = {
			isa = XCBuildConfiguration;
			buildSettings = {
				ALWAYS_SEARCH_USER_PATHS = NO;
				CLANG_CXX_LANGUAGE_STANDARD = "c++17";
				CLANG_CXX_LIBRARY = "libc++";
				CLANG_WARN_BLOCK_CAPTURE_AUTORELEASING = YES;
				CLANG_WARN_BOOL_CONVERSION = YES;
				CLANG_WARN_COMMA = YES;
				CLANG_WARN_CONSTANT_CONVERSION = YES;
				CLANG_WARN_DEPRECATED_OBJC_IMPLEMENTATIONS = YES;
				CLANG_WARN_EMPTY_BODY = YES;
				CLANG_WARN_ENUM_CONVERSION = YES;
				CLANG_WARN_INFINITE_RECURSION = YES;
				CLANG_WARN_INT_CONVERSION = YES;
				CLANG_WARN_NON_LITERAL_NULL_CONVERSION = YES;
				CLANG_WARN_OBJC_IMPLICIT_RETAIN_SELF = YES;
				CLANG_WARN_OBJC_LITERAL_CONVERSION = YES;
				CLANG_WARN_RANGE_LOOP_ANALYSIS = YES;
				CLANG_WARN_STRICT_PROTOTYPES = YES;
				CLANG_WARN_SUSPICIOUS_MOVE = YES;
				CLANG_WARN_UNREACHABLE_CODE = YES;
				CLANG_WARN__DUPLICATE_METHOD_MATCH = YES;
				CODE_SIGN_IDENTITY = "";
				COPY_PHASE_STRIP = YES;
				DEPLOYMENT_POSTPROCESSING = YES;
				ENABLE_HARDENED_RUNTIME = YES;
				ENABLE_STRICT_OBJC_MSGSEND = YES;
				EXECUTABLE_PREFIX = lib;
				GCC_C_LANGUAGE_STANDARD = c11;
				GCC_NO_COMMON_BLOCKS = YES;
				GCC_WARN_64_TO_32_BIT_CONVERSION = YES;
				GCC_WARN_ABOUT_RETURN_TYPE = YES;
				GCC_WARN_UNDECLARED_SELECTOR = YES;
				GCC_WARN_UNINITIALIZED_AUTOS = YES;
				GCC_WARN_UNUSED_FUNCTION = YES;
				GCC_WARN_UNUSED_VARIABLE = YES;
				INSTALL_PATH = "@executable_path";
				IPHONEOS_DEPLOYMENT_TARGET = 8.0;
				MACOSX_DEPLOYMENT_TARGET = 10.8;
				PRODUCT_NAME = "$(TARGET_NAME)";
				SDKROOT = macosx;
				SKIP_INSTALL = YES;
				USER_HEADER_SEARCH_PATHS = "$(WorkspaceDir)/source $(WorkspaceDir)/source/include $(WorkspaceDir)/archive $(WorkspaceDir)/operating-system/operating-system-$(PLATFORM_MODIFIER)/operating-system-macos $(WorkspaceDir)/source/app $(WorkspaceDir)/archive $(WorkspaceDir)/operating-system/operating-system-$(PLATFORM_MODIFIER)/_include $(WorkspaceDir)/source/third/include $(WorkspaceDir)/archive $(WorkspaceDir)/operating-system/third-$(PLATFORM_MODIFIER)/third/include/include $(WorkspaceDir)/archive $(WorkspaceDir)/operating-system/third-$(PLATFORM_MODIFIER)/third/include $(WorkspaceDir)/source/app $(WorkspaceDir)/archive $(WorkspaceDir)/operating-system/operating-system-$(PLATFORM_MODIFIER) . $(PROJECT_DIR)";
				WorkspaceDir = "$(SRCROOT)/../../..";
			};
			name = Release;
		};
		9A574B9D16AAB906000CC4EF /* Debug */ = {
			isa = XCBuildConfiguration;
			buildSettings = {
				CLANG_ENABLE_OBJC_WEAK = YES;
				LIBRARY_SEARCH_PATHS = (
					"$(inherited)",
					"$(WorkspaceDir)/platform/thirdparty/library",
				);
				USER_HEADER_SEARCH_PATHS = "$(WorkspaceDir)/source $(WorkspaceDir)/source/include $(WorkspaceDir)/archive $(WorkspaceDir)/operating-system/operating-system-$(PLATFORM_MODIFIER)/operating-system-macos $(WorkspaceDir)/source/app $(WorkspaceDir)/archive $(WorkspaceDir)/operating-system/operating-system-$(PLATFORM_MODIFIER)/_include $(WorkspaceDir)/source/third/include $(WorkspaceDir)/archive $(WorkspaceDir)/operating-system/third-$(PLATFORM_MODIFIER)/third/include/include $(WorkspaceDir)/archive $(WorkspaceDir)/operating-system/third-$(PLATFORM_MODIFIER)/third/include $(WorkspaceDir)/source/app $(WorkspaceDir)/archive $(WorkspaceDir)/operating-system/operating-system-$(PLATFORM_MODIFIER) . $(PROJECT_DIR) $(WorkspaceDir)/source/third/include $(WorkspaceDir)/archive $(WorkspaceDir)/operating-system/third-$(PLATFORM_MODIFIER)/third/include/include $(WorkspaceDir)/archive $(WorkspaceDir)/operating-system/third-$(PLATFORM_MODIFIER)/third/include";
			};
			name = Debug;
		};
		9A574B9E16AAB906000CC4EF /* Release */ = {
			isa = XCBuildConfiguration;
			buildSettings = {
				CLANG_ENABLE_OBJC_WEAK = YES;
				LIBRARY_SEARCH_PATHS = (
					"$(inherited)",
					"$(WorkspaceDir)/platform/thirdparty/library",
				);
				USER_HEADER_SEARCH_PATHS = "$(WorkspaceDir)/source $(WorkspaceDir)/source/include $(WorkspaceDir)/archive $(WorkspaceDir)/operating-system/operating-system-$(PLATFORM_MODIFIER)/operating-system-macos $(WorkspaceDir)/source/app $(WorkspaceDir)/archive $(WorkspaceDir)/operating-system/operating-system-$(PLATFORM_MODIFIER)/_include $(WorkspaceDir)/source/third/include $(WorkspaceDir)/archive $(WorkspaceDir)/operating-system/third-$(PLATFORM_MODIFIER)/third/include/include $(WorkspaceDir)/archive $(WorkspaceDir)/operating-system/third-$(PLATFORM_MODIFIER)/third/include $(WorkspaceDir)/source/app $(WorkspaceDir)/archive $(WorkspaceDir)/operating-system/operating-system-$(PLATFORM_MODIFIER) . $(PROJECT_DIR) $(WorkspaceDir)/source/third/include $(WorkspaceDir)/archive $(WorkspaceDir)/operating-system/third-$(PLATFORM_MODIFIER)/third/include/include $(WorkspaceDir)/archive $(WorkspaceDir)/operating-system/third-$(PLATFORM_MODIFIER)/third/include";
			};
			name = Release;
		};
/* End XCBuildConfiguration section */

/* Begin XCConfigurationList section */
		07B65788190F3CA2002DAADE /* Build configuration list for PBXNativeTarget "ios_aqua" */ = {
			isa = XCConfigurationList;
			buildConfigurations = (
				07B65784190F3CA2002DAADE /* Debug */,
				07B65785190F3CA2002DAADE /* Release */,
			);
			defaultConfigurationIsVisible = 0;
			defaultConfigurationName = Release;
		};
		07B65789190F3CA2002DAADE /* Build configuration list for PBXNativeTarget "math_iosTests" */ = {
			isa = XCConfigurationList;
			buildConfigurations = (
				07B65786190F3CA2002DAADE /* Debug */,
				07B65787190F3CA2002DAADE /* Release */,
			);
			defaultConfigurationIsVisible = 0;
			defaultConfigurationName = Release;
		};
		9A574B9216AAB906000CC4EF /* Build configuration list for PBXProject "aqua" */ = {
			isa = XCConfigurationList;
			buildConfigurations = (
				9A574B9A16AAB906000CC4EF /* Debug */,
				9A574B9B16AAB906000CC4EF /* Release */,
			);
			defaultConfigurationIsVisible = 0;
			defaultConfigurationName = Release;
		};
		9A574B9C16AAB906000CC4EF /* Build configuration list for PBXNativeTarget "aqua" */ = {
			isa = XCConfigurationList;
			buildConfigurations = (
				9A574B9D16AAB906000CC4EF /* Debug */,
				9A574B9E16AAB906000CC4EF /* Release */,
			);
			defaultConfigurationIsVisible = 0;
			defaultConfigurationName = Release;
		};
/* End XCConfigurationList section */
	};
	rootObject = 9A574B8F16AAB906000CC4EF /* Project object */;
}
