// !$*UTF8*$!
{
	archiveVersion = 1;
	classes = {
	};
	objectVersion = 46;
	objects = {

/* Begin PBXBuildFile section */
		9A74229F247422EE003902E5 /* Default-568h@2x.png in Resources */ = {isa = PBXBuildFile; fileRef = 9A74229E247422EE003902E5 /* Default-568h@2x.png */; };
		9AFC0E6C2473856100AF47B7 /* libios_idn.a in CopyFiles */ = {isa = PBXBuildFile; fileRef = 9AAECAB62321C1FF005CEB43 /* libios_idn.a */; };
		9AFC0E6D2473856100AF47B7 /* libios_pcre.a in CopyFiles */ = {isa = PBXBuildFile; fileRef = 9AAECA982321C1B1005CEB43 /* libios_pcre.a */; };
		9AFC0E81247385E200AF47B7 /* Images.xcassets in Resources */ = {isa = PBXBuildFile; fileRef = 9AFC0E7E247385E200AF47B7 /* Images.xcassets */; };
/* End PBXBuildFile section */

/* Begin PBXContainerItemProxy section */
		9AAECA952321C1B1005CEB43 /* PBXContainerItemProxy */ = {
			isa = PBXContainerItemProxy;
			containerPortal = 9AAECA902321C1B1005CEB43 /* pcre.xcodeproj */;
			proxyType = 2;
			remoteGlobalIDString = 9AA539B119B763C400B9F861;
			remoteInfo = aurapcre;
		};
		9AAECA972321C1B1005CEB43 /* PBXContainerItemProxy */ = {
			isa = PBXContainerItemProxy;
			containerPortal = 9AAECA902321C1B1005CEB43 /* pcre.xcodeproj */;
			proxyType = 2;
			remoteGlobalIDString = 07D6A8471B4CBB45004FEBC2;
			remoteInfo = ios_aurapcre;
		};
		9AAECAB32321C1FF005CEB43 /* PBXContainerItemProxy */ = {
			isa = PBXContainerItemProxy;
			containerPortal = 9AAECAAE2321C1FF005CEB43 /* idn.xcodeproj */;
			proxyType = 2;
			remoteGlobalIDString = 9AA5E6D616F7C61B005C45CE;
			remoteInfo = axisidn;
		};
		9AAECAB52321C1FF005CEB43 /* PBXContainerItemProxy */ = {
			isa = PBXContainerItemProxy;
			containerPortal = 9AAECAAE2321C1FF005CEB43 /* idn.xcodeproj */;
			proxyType = 2;
			remoteGlobalIDString = 077A00AB1B4D4F9E001C85FF;
			remoteInfo = ios_axisidn;
		};
		9ACA48C02454097D007277DD /* PBXContainerItemProxy */ = {
			isa = PBXContainerItemProxy;
			containerPortal = 9ACA48B72454097D007277DD /* mpg123.xcodeproj */;
			proxyType = 2;
			remoteGlobalIDString = 9ACA447A2453EAEE007277DD;
			remoteInfo = audio;
		};
		9ACA48C22454097D007277DD /* PBXContainerItemProxy */ = {
			isa = PBXContainerItemProxy;
			containerPortal = 9ACA48B72454097D007277DD /* mpg123.xcodeproj */;
			proxyType = 2;
			remoteGlobalIDString = 9ACA482A2453EEAE007277DD;
			remoteInfo = ios_audio;
		};
		9AFC0E5A2473853000AF47B7 /* PBXContainerItemProxy */ = {
			isa = PBXContainerItemProxy;
			containerPortal = 9AAECAAE2321C1FF005CEB43 /* idn.xcodeproj */;
			proxyType = 1;
			remoteGlobalIDString = 077A00881B4D4F9E001C85FF;
			remoteInfo = ios_idn;
		};
		9AFC0E5C2473853000AF47B7 /* PBXContainerItemProxy */ = {
			isa = PBXContainerItemProxy;
			containerPortal = 9ACA48B72454097D007277DD /* mpg123.xcodeproj */;
			proxyType = 1;
			remoteGlobalIDString = 9ACA47722453EEAE007277DD;
			remoteInfo = ios_mpg123;
		};
		9AFC0E5E2473853000AF47B7 /* PBXContainerItemProxy */ = {
			isa = PBXContainerItemProxy;
			containerPortal = 9AAECA902321C1B1005CEB43 /* pcre.xcodeproj */;
			proxyType = 1;
			remoteGlobalIDString = 07D6A8271B4CBB45004FEBC2;
			remoteInfo = ios_pcre;
		};
/* End PBXContainerItemProxy section */

/* Begin PBXCopyFilesBuildPhase section */
		9AFC0D7024737B0500AF47B7 /* CopyFiles */ = {
			isa = PBXCopyFilesBuildPhase;
			buildActionMask = 2147483647;
			dstPath = "$(WorkspaceDir)/time-ios/library/$(CONFIGURATION)$(EFFECTIVE_PLATFORM_NAME)";
			dstSubfolderSpec = 0;
			files = (
				9AFC0E6C2473856100AF47B7 /* libios_idn.a in CopyFiles */,
				9AFC0E6D2473856100AF47B7 /* libios_pcre.a in CopyFiles */,
			);
			runOnlyForDeploymentPostprocessing = 0;
		};
/* End PBXCopyFilesBuildPhase section */

/* Begin PBXFileReference section */
		9A74229B24741709003902E5 /* Default-568h@2x.png */ = {isa = PBXFileReference; lastKnownFileType = image.png; name = "Default-568h@2x.png"; path = "../Default-568h@2x.png"; sourceTree = "<group>"; };
		9A74229E247422EE003902E5 /* Default-568h@2x.png */ = {isa = PBXFileReference; lastKnownFileType = image.png; path = "Default-568h@2x.png"; sourceTree = "<group>"; };
		9AAECA902321C1B1005CEB43 /* pcre.xcodeproj */ = {isa = PBXFileReference; lastKnownFileType = "wrapper.pb-project"; name = pcre.xcodeproj; path = ../pcre/pcre.xcodeproj; sourceTree = "<group>"; };
		9AAECAAE2321C1FF005CEB43 /* idn.xcodeproj */ = {isa = PBXFileReference; lastKnownFileType = "wrapper.pb-project"; name = idn.xcodeproj; path = ../idn/idn.xcodeproj; sourceTree = "<group>"; };
		9ACA48B72454097D007277DD /* mpg123.xcodeproj */ = {isa = PBXFileReference; lastKnownFileType = "wrapper.pb-project"; name = mpg123.xcodeproj; path = ../libmpg123/mpg123.xcodeproj; sourceTree = "<group>"; };
		9AFC0D7C24737B0500AF47B7 /* __third.app */ = {isa = PBXFileReference; explicitFileType = wrapper.application; includeInIndex = 0; path = __third.app; sourceTree = BUILT_PRODUCTS_DIR; };
		9AFC0E7E247385E200AF47B7 /* Images.xcassets */ = {isa = PBXFileReference; lastKnownFileType = folder.assetcatalog; path = Images.xcassets; sourceTree = "<group>"; };
		9AFC0E7F247385E200AF47B7 /* main.cpp */ = {isa = PBXFileReference; fileEncoding = 4; lastKnownFileType = sourcecode.cpp.cpp; path = main.cpp; sourceTree = "<group>"; };
		9AFC0E80247385E200AF47B7 /* Info.plist */ = {isa = PBXFileReference; fileEncoding = 4; lastKnownFileType = text.plist.xml; path = Info.plist; sourceTree = "<group>"; };
/* End PBXFileReference section */

/* Begin PBXGroup section */
		070B8EE11B6E53F900D26137 = {
			isa = PBXGroup;
			children = (
				9A74229E247422EE003902E5 /* Default-568h@2x.png */,
				9AAECAAE2321C1FF005CEB43 /* idn.xcodeproj */,
				9ACA48B72454097D007277DD /* mpg123.xcodeproj */,
				9AAECA902321C1B1005CEB43 /* pcre.xcodeproj */,
				9AFC0E7D247385E200AF47B7 /* ios */,
				070B8EEB1B6E53F900D26137 /* Products */,
			);
			sourceTree = "<group>";
		};
		070B8EEB1B6E53F900D26137 /* Products */ = {
			isa = PBXGroup;
			children = (
				9AFC0D7C24737B0500AF47B7 /* __third.app */,
			);
			name = Products;
			sourceTree = "<group>";
		};
		9AAECA912321C1B1005CEB43 /* Products */ = {
			isa = PBXGroup;
			children = (
				9AAECA962321C1B1005CEB43 /* libpcre.dylib */,
				9AAECA982321C1B1005CEB43 /* libios_pcre.a */,
			);
			name = Products;
			sourceTree = "<group>";
		};
		9AAECAAF2321C1FF005CEB43 /* Products */ = {
			isa = PBXGroup;
			children = (
				9AAECAB42321C1FF005CEB43 /* libidn.dylib */,
				9AAECAB62321C1FF005CEB43 /* libios_idn.a */,
			);
			name = Products;
			sourceTree = "<group>";
		};
		9ACA48B82454097D007277DD /* Products */ = {
			isa = PBXGroup;
			children = (
				9ACA48C12454097D007277DD /* libmpg123.dylib */,
				9ACA48C32454097D007277DD /* aios_mpg123.dylib */,
			);
			name = Products;
			sourceTree = "<group>";
		};
		9AFC0E7D247385E200AF47B7 /* ios */ = {
			isa = PBXGroup;
			children = (
				9A74229B24741709003902E5 /* Default-568h@2x.png */,
				9AFC0E7E247385E200AF47B7 /* Images.xcassets */,
				9AFC0E80247385E200AF47B7 /* Info.plist */,
				9AFC0E7F247385E200AF47B7 /* main.cpp */,
			);
			path = ios;
			sourceTree = SOURCE_ROOT;
		};
/* End PBXGroup section */

/* Begin PBXNativeTarget section */
		9AFC0D5B24737B0500AF47B7 /* ios_group_third */ = {
			isa = PBXNativeTarget;
			buildConfigurationList = 9AFC0D7924737B0500AF47B7 /* Build configuration list for PBXNativeTarget "ios_group_third" */;
			buildPhases = (
				9AFC0D6C24737B0500AF47B7 /* Sources */,
				9AFC0D6E24737B0500AF47B7 /* Resources */,
				9AFC0D7024737B0500AF47B7 /* CopyFiles */,
			);
			buildRules = (
			);
			dependencies = (
				9AFC0E5B2473853000AF47B7 /* PBXTargetDependency */,
				9AFC0E5D2473853000AF47B7 /* PBXTargetDependency */,
				9AFC0E5F2473853000AF47B7 /* PBXTargetDependency */,
			);
			name = ios_group_third;
			productName = "Hello Multiverse!!";
			productReference = 9AFC0D7C24737B0500AF47B7 /* __third.app */;
			productType = "com.apple.product-type.application";
		};
/* End PBXNativeTarget section */

/* Begin PBXProject section */
		070B8EE21B6E53F900D26137 /* Project object */ = {
			isa = PBXProject;
			attributes = {
				LastUpgradeCheck = 1100;
				ORGANIZATIONNAME = "ca2 Desenvolvimento de Software Ltdal";
				TargetAttributes = {
					9AFC0D5B24737B0500AF47B7 = {
						DevelopmentTeam = L8N5V6TZE5;
						ProvisioningStyle = Automatic;
					};
				};
			};
			buildConfigurationList = 070B8EE51B6E53F900D26137 /* Build configuration list for PBXProject "ios_group_third" */;
			compatibilityVersion = "Xcode 3.2";
			developmentRegion = en;
			hasScannedForEncodings = 0;
			knownRegions = (
				en,
				Base,
			);
			mainGroup = 070B8EE11B6E53F900D26137;
			productRefGroup = 070B8EEB1B6E53F900D26137 /* Products */;
			projectDirPath = "";
			projectReferences = (
				{
					ProductGroup = 9AAECAAF2321C1FF005CEB43 /* Products */;
					ProjectRef = 9AAECAAE2321C1FF005CEB43 /* idn.xcodeproj */;
				},
				{
					ProductGroup = 9ACA48B82454097D007277DD /* Products */;
					ProjectRef = 9ACA48B72454097D007277DD /* mpg123.xcodeproj */;
				},
				{
					ProductGroup = 9AAECA912321C1B1005CEB43 /* Products */;
					ProjectRef = 9AAECA902321C1B1005CEB43 /* pcre.xcodeproj */;
				},
			);
			projectRoot = "";
			targets = (
				9AFC0D5B24737B0500AF47B7 /* ios_group_third */,
			);
		};
/* End PBXProject section */

/* Begin PBXReferenceProxy section */
		9AAECA962321C1B1005CEB43 /* libpcre.dylib */ = {
			isa = PBXReferenceProxy;
			fileType = "compiled.mach-o.dylib";
			path = libpcre.dylib;
			remoteRef = 9AAECA952321C1B1005CEB43 /* PBXContainerItemProxy */;
			sourceTree = BUILT_PRODUCTS_DIR;
		};
		9AAECA982321C1B1005CEB43 /* libios_pcre.a */ = {
			isa = PBXReferenceProxy;
			fileType = "compiled.mach-o.dylib";
			path = libios_pcre.a;
			remoteRef = 9AAECA972321C1B1005CEB43 /* PBXContainerItemProxy */;
			sourceTree = BUILT_PRODUCTS_DIR;
		};
		9AAECAB42321C1FF005CEB43 /* libidn.dylib */ = {
			isa = PBXReferenceProxy;
			fileType = "compiled.mach-o.dylib";
			path = libidn.dylib;
			remoteRef = 9AAECAB32321C1FF005CEB43 /* PBXContainerItemProxy */;
			sourceTree = BUILT_PRODUCTS_DIR;
		};
		9AAECAB62321C1FF005CEB43 /* libios_idn.a */ = {
			isa = PBXReferenceProxy;
			fileType = "compiled.mach-o.dylib";
			path = libios_idn.a;
			remoteRef = 9AAECAB52321C1FF005CEB43 /* PBXContainerItemProxy */;
			sourceTree = BUILT_PRODUCTS_DIR;
		};
		9ACA48C12454097D007277DD /* libmpg123.dylib */ = {
			isa = PBXReferenceProxy;
			fileType = "compiled.mach-o.dylib";
			path = libmpg123.dylib;
			remoteRef = 9ACA48C02454097D007277DD /* PBXContainerItemProxy */;
			sourceTree = BUILT_PRODUCTS_DIR;
		};
		9ACA48C32454097D007277DD /* aios_mpg123.dylib */ = {
			isa = PBXReferenceProxy;
			fileType = "compiled.mach-o.dylib";
			path = aios_mpg123.dylib;
			remoteRef = 9ACA48C22454097D007277DD /* PBXContainerItemProxy */;
			sourceTree = BUILT_PRODUCTS_DIR;
		};
/* End PBXReferenceProxy section */

/* Begin PBXResourcesBuildPhase section */
		9AFC0D6E24737B0500AF47B7 /* Resources */ = {
			isa = PBXResourcesBuildPhase;
			buildActionMask = 2147483647;
			files = (
				9AFC0E81247385E200AF47B7 /* Images.xcassets in Resources */,
				9A74229F247422EE003902E5 /* Default-568h@2x.png in Resources */,
			);
			runOnlyForDeploymentPostprocessing = 0;
		};
/* End PBXResourcesBuildPhase section */

/* Begin PBXSourcesBuildPhase section */
		9AFC0D6C24737B0500AF47B7 /* Sources */ = {
			isa = PBXSourcesBuildPhase;
			buildActionMask = 2147483647;
			files = (
			);
			runOnlyForDeploymentPostprocessing = 0;
		};
/* End PBXSourcesBuildPhase section */

/* Begin PBXTargetDependency section */
		9AFC0E5B2473853000AF47B7 /* PBXTargetDependency */ = {
			isa = PBXTargetDependency;
			name = ios_idn;
			targetProxy = 9AFC0E5A2473853000AF47B7 /* PBXContainerItemProxy */;
		};
		9AFC0E5D2473853000AF47B7 /* PBXTargetDependency */ = {
			isa = PBXTargetDependency;
			name = ios_mpg123;
			targetProxy = 9AFC0E5C2473853000AF47B7 /* PBXContainerItemProxy */;
		};
		9AFC0E5F2473853000AF47B7 /* PBXTargetDependency */ = {
			isa = PBXTargetDependency;
			name = ios_pcre;
			targetProxy = 9AFC0E5E2473853000AF47B7 /* PBXContainerItemProxy */;
		};
/* End PBXTargetDependency section */

/* Begin XCBuildConfiguration section */
		070B8F051B6E53FA00D26137 /* Debug */ = {
			isa = XCBuildConfiguration;
			buildSettings = {
				ALWAYS_SEARCH_USER_PATHS = NO;
				CLANG_ANALYZER_LOCALIZABILITY_NONLOCALIZED = YES;
				CLANG_CXX_LANGUAGE_STANDARD = "c++17";
				CLANG_CXX_LIBRARY = "libc++";
				CLANG_ENABLE_MODULES = YES;
				CLANG_ENABLE_OBJC_ARC = YES;
				CLANG_WARN_BLOCK_CAPTURE_AUTORELEASING = YES;
				CLANG_WARN_BOOL_CONVERSION = YES;
				CLANG_WARN_COMMA = YES;
				CLANG_WARN_CONSTANT_CONVERSION = YES;
				CLANG_WARN_DEPRECATED_OBJC_IMPLEMENTATIONS = YES;
				CLANG_WARN_DIRECT_OBJC_ISA_USAGE = YES_ERROR;
				CLANG_WARN_EMPTY_BODY = YES;
				CLANG_WARN_ENUM_CONVERSION = YES;
				CLANG_WARN_INFINITE_RECURSION = YES;
				CLANG_WARN_INT_CONVERSION = YES;
				CLANG_WARN_NON_LITERAL_NULL_CONVERSION = YES;
				CLANG_WARN_OBJC_IMPLICIT_RETAIN_SELF = YES;
				CLANG_WARN_OBJC_LITERAL_CONVERSION = YES;
				CLANG_WARN_OBJC_ROOT_CLASS = YES_ERROR;
				CLANG_WARN_PRAGMA_PACK = NO;
				CLANG_WARN_RANGE_LOOP_ANALYSIS = YES;
				CLANG_WARN_STRICT_PROTOTYPES = YES;
				CLANG_WARN_SUSPICIOUS_MOVE = YES;
				CLANG_WARN_UNREACHABLE_CODE = YES;
				CLANG_WARN__DUPLICATE_METHOD_MATCH = YES;
				COPY_PHASE_STRIP = NO;
				DEBUG_INFORMATION_FORMAT = dwarf;
				ENABLE_STRICT_OBJC_MSGSEND = YES;
				ENABLE_TESTABILITY = YES;
				GCC_C_LANGUAGE_STANDARD = gnu99;
				GCC_DYNAMIC_NO_PIC = NO;
				GCC_NO_COMMON_BLOCKS = YES;
				GCC_OPTIMIZATION_LEVEL = 0;
				GCC_PREPROCESSOR_DEFINITIONS = (
					"DEBUG=1",
					"$(inherited)",
				);
				GCC_SYMBOLS_PRIVATE_EXTERN = NO;
				GCC_WARN_64_TO_32_BIT_CONVERSION = YES;
				GCC_WARN_ABOUT_RETURN_TYPE = YES_ERROR;
				GCC_WARN_UNDECLARED_SELECTOR = YES;
				GCC_WARN_UNINITIALIZED_AUTOS = YES_AGGRESSIVE;
				GCC_WARN_UNUSED_FUNCTION = YES;
				GCC_WARN_UNUSED_VARIABLE = YES;
				HEADER_SEARCH_PATHS = "";
				IPHONEOS_DEPLOYMENT_TARGET = 9.0;
				LD_RUNPATH_SEARCH_PATHS = "@loader_path /Library/Frameworks/ca2";
				LIBRARY_SEARCH_PATHS = (
					"$(inherited)",
					"$(TARGET_BUILD_DIR)",
				);
				MACOSX_DEPLOYMENT_TARGET = 10.8;
				MTL_ENABLE_DEBUG_INFO = YES;
				ONLY_ACTIVE_ARCH = YES;
				PRODUCT_NAME = "$(TARGET_NAME)";
				SDKROOT = macosx;
				SYSTEM_HEADER_SEARCH_PATHS = "$(WorkspaceDir)/archive $(WorkspaceDir)/operating-system/operating-system-$(PLATFORM_MODIFIER)/operating-system-macos $(WorkspaceDir)/source/app $(WorkspaceDir)/archive $(WorkspaceDir)/operating-system/operating-system-$(PLATFORM_MODIFIER)/_include $(WorkspaceDir)/source/third/include $(WorkspaceDir)/archive $(WorkspaceDir)/operating-system/third-$(PLATFORM_MODIFIER)/third/include/include $(WorkspaceDir)/archive $(WorkspaceDir)/operating-system/third-$(PLATFORM_MODIFIER)/third/include";
				USER_HEADER_SEARCH_PATHS = "$(WorkspaceDir)/source $(WorkspaceDir)/source/include $(WorkspaceDir) $(WorkspaceDir)/source/app $(WorkspaceDir)/archive $(WorkspaceDir)/operating-system/operating-system-$(PLATFORM_MODIFIER) $(WorkspaceDir)/source/app $(WorkspaceDir)/archive $(WorkspaceDir)/operating-system/operating-system-$(PLATFORM_MODIFIER)/core $(PROJECT_DIR)/.. $(PROJECT_DIR) .";
				USE_HEADERMAP = NO;
				WorkspaceDir = "$(SRCROOT)/../../..";
			};
			name = Debug;
		};
		070B8F061B6E53FA00D26137 /* Release */ = {
			isa = XCBuildConfiguration;
			buildSettings = {
				ALWAYS_SEARCH_USER_PATHS = NO;
				CLANG_ANALYZER_LOCALIZABILITY_NONLOCALIZED = YES;
				CLANG_CXX_LANGUAGE_STANDARD = "c++17";
				CLANG_CXX_LIBRARY = "libc++";
				CLANG_ENABLE_MODULES = YES;
				CLANG_ENABLE_OBJC_ARC = YES;
				CLANG_WARN_BLOCK_CAPTURE_AUTORELEASING = YES;
				CLANG_WARN_BOOL_CONVERSION = YES;
				CLANG_WARN_COMMA = YES;
				CLANG_WARN_CONSTANT_CONVERSION = YES;
				CLANG_WARN_DEPRECATED_OBJC_IMPLEMENTATIONS = YES;
				CLANG_WARN_DIRECT_OBJC_ISA_USAGE = YES_ERROR;
				CLANG_WARN_EMPTY_BODY = YES;
				CLANG_WARN_ENUM_CONVERSION = YES;
				CLANG_WARN_INFINITE_RECURSION = YES;
				CLANG_WARN_INT_CONVERSION = YES;
				CLANG_WARN_NON_LITERAL_NULL_CONVERSION = YES;
				CLANG_WARN_OBJC_IMPLICIT_RETAIN_SELF = YES;
				CLANG_WARN_OBJC_LITERAL_CONVERSION = YES;
				CLANG_WARN_OBJC_ROOT_CLASS = YES_ERROR;
				CLANG_WARN_PRAGMA_PACK = NO;
				CLANG_WARN_RANGE_LOOP_ANALYSIS = YES;
				CLANG_WARN_STRICT_PROTOTYPES = YES;
				CLANG_WARN_SUSPICIOUS_MOVE = YES;
				CLANG_WARN_UNREACHABLE_CODE = YES;
				CLANG_WARN__DUPLICATE_METHOD_MATCH = YES;
				COPY_PHASE_STRIP = NO;
				DEBUG_INFORMATION_FORMAT = "dwarf-with-dsym";
				ENABLE_NS_ASSERTIONS = NO;
				ENABLE_STRICT_OBJC_MSGSEND = YES;
				GCC_C_LANGUAGE_STANDARD = gnu99;
				GCC_NO_COMMON_BLOCKS = YES;
				GCC_WARN_64_TO_32_BIT_CONVERSION = YES;
				GCC_WARN_ABOUT_RETURN_TYPE = YES_ERROR;
				GCC_WARN_UNDECLARED_SELECTOR = YES;
				GCC_WARN_UNINITIALIZED_AUTOS = YES_AGGRESSIVE;
				GCC_WARN_UNUSED_FUNCTION = YES;
				GCC_WARN_UNUSED_VARIABLE = YES;
				HEADER_SEARCH_PATHS = "";
				IPHONEOS_DEPLOYMENT_TARGET = 9.0;
				LD_RUNPATH_SEARCH_PATHS = "@loader_path /Library/Frameworks/ca2";
				LIBRARY_SEARCH_PATHS = (
					"$(inherited)",
					"$(TARGET_BUILD_DIR)",
				);
				MACOSX_DEPLOYMENT_TARGET = 10.8;
				MTL_ENABLE_DEBUG_INFO = NO;
				PRODUCT_NAME = "$(TARGET_NAME)";
				SDKROOT = macosx;
				SYSTEM_HEADER_SEARCH_PATHS = "$(WorkspaceDir)/archive $(WorkspaceDir)/operating-system/operating-system-$(PLATFORM_MODIFIER)/operating-system-macos $(WorkspaceDir)/source/app $(WorkspaceDir)/archive $(WorkspaceDir)/operating-system/operating-system-$(PLATFORM_MODIFIER)/_include $(WorkspaceDir)/source/third/include $(WorkspaceDir)/archive $(WorkspaceDir)/operating-system/third-$(PLATFORM_MODIFIER)/third/include/include $(WorkspaceDir)/archive $(WorkspaceDir)/operating-system/third-$(PLATFORM_MODIFIER)/third/include";
				USER_HEADER_SEARCH_PATHS = "$(WorkspaceDir)/source $(WorkspaceDir)/source/include $(WorkspaceDir) $(WorkspaceDir)/source/app $(WorkspaceDir)/archive $(WorkspaceDir)/operating-system/operating-system-$(PLATFORM_MODIFIER) $(WorkspaceDir)/source/app $(WorkspaceDir)/archive $(WorkspaceDir)/operating-system/operating-system-$(PLATFORM_MODIFIER)/core $(PROJECT_DIR)/.. $(PROJECT_DIR) .";
				USE_HEADERMAP = NO;
				WorkspaceDir = "$(SRCROOT)/../../..";
			};
			name = Release;
		};
		9AFC0D7A24737B0500AF47B7 /* Debug */ = {
			isa = XCBuildConfiguration;
			buildSettings = {
				ASSETCATALOG_COMPILER_APPICON_NAME = AppIcon;
				CODE_SIGN_IDENTITY = "Apple Development";
				CODE_SIGN_STYLE = Automatic;
				COMBINE_HIDPI_IMAGES = YES;
				DEBUG_INFORMATION_FORMAT = "dwarf-with-dsym";
				DEVELOPMENT_TEAM = L8N5V6TZE5;
				ENABLE_HARDENED_RUNTIME = YES;
				INFOPLIST_FILE = ios/Info.plist;
				MACOSX_DEPLOYMENT_TARGET = 10.8;
				ONLY_ACTIVE_ARCH = YES;
				PRODUCT_BUNDLE_IDENTIFIER = "cc.ca2.third.group-third";
				PRODUCT_NAME = __third;
				PROVISIONING_PROFILE_SPECIFIER = "";
				SDKROOT = iphoneos;
			};
			name = Debug;
		};
		9AFC0D7B24737B0500AF47B7 /* Release */ = {
			isa = XCBuildConfiguration;
			buildSettings = {
				ASSETCATALOG_COMPILER_APPICON_NAME = AppIcon;
				CODE_SIGN_IDENTITY = "Apple Development";
				CODE_SIGN_STYLE = Automatic;
				COMBINE_HIDPI_IMAGES = YES;
				DEBUG_INFORMATION_FORMAT = "dwarf-with-dsym";
				DEVELOPMENT_TEAM = L8N5V6TZE5;
				ENABLE_HARDENED_RUNTIME = YES;
				INFOPLIST_FILE = ios/Info.plist;
				MACOSX_DEPLOYMENT_TARGET = 10.8;
				ONLY_ACTIVE_ARCH = NO;
				PRODUCT_BUNDLE_IDENTIFIER = "cc.ca2.third.group-third";
				PRODUCT_NAME = __third;
				PROVISIONING_PROFILE_SPECIFIER = "";
				SDKROOT = iphoneos;
			};
			name = Release;
		};
/* End XCBuildConfiguration section */

/* Begin XCConfigurationList section */
		070B8EE51B6E53F900D26137 /* Build configuration list for PBXProject "ios_group_third" */ = {
			isa = XCConfigurationList;
			buildConfigurations = (
				070B8F051B6E53FA00D26137 /* Debug */,
				070B8F061B6E53FA00D26137 /* Release */,
			);
			defaultConfigurationIsVisible = 0;
			defaultConfigurationName = Release;
		};
		9AFC0D7924737B0500AF47B7 /* Build configuration list for PBXNativeTarget "ios_group_third" */ = {
			isa = XCConfigurationList;
			buildConfigurations = (
				9AFC0D7A24737B0500AF47B7 /* Debug */,
				9AFC0D7B24737B0500AF47B7 /* Release */,
			);
			defaultConfigurationIsVisible = 0;
			defaultConfigurationName = Release;
		};
/* End XCConfigurationList section */
	};
	rootObject = 070B8EE21B6E53F900D26137 /* Project object */;
}
